// !$*UTF8*$!
{
	archiveVersion = 1;
	classes = {
	};
	objectVersion = 46;
	objects = {

/* Begin PBXBuildFile section */
		93D925B91B577A3A0021F250 /* RNClipboard.h in CopyFiles */ = {isa = PBXBuildFile; fileRef = 93D925B81B577A3A0021F250 /* RNClipboard.h */; };
		93D925BB1B577A3A0021F250 /* RNClipboard.m in Sources */ = {isa = PBXBuildFile; fileRef = 93D925BA1B577A3A0021F250 /* RNClipboard.m */; };
/* End PBXBuildFile section */

/* Begin PBXCopyFilesBuildPhase section */
		93D925B31B577A3A0021F250 /* CopyFiles */ = {
			isa = PBXCopyFilesBuildPhase;
			buildActionMask = 2147483647;
			dstPath = "include/$(PRODUCT_NAME)";
			dstSubfolderSpec = 16;
			files = (
				93D925B91B577A3A0021F250 /* RNClipboard.h in CopyFiles */,
			);
			runOnlyForDeploymentPostprocessing = 0;
		};
/* End PBXCopyFilesBuildPhase section */

/* Begin PBXFileReference section */
		93D925B51B577A3A0021F250 /* libRNClipboard.a */ = {isa = PBXFileReference; explicitFileType = archive.ar; includeInIndex = 0; path = libRNClipboard.a; sourceTree = BUILT_PRODUCTS_DIR; };
		93D925B81B577A3A0021F250 /* RNClipboard.h */ = {isa = PBXFileReference; lastKnownFileType = sourcecode.c.h; path = RNClipboard.h; sourceTree = "<group>"; };
		93D925BA1B577A3A0021F250 /* RNClipboard.m */ = {isa = PBXFileReference; lastKnownFileType = sourcecode.c.objc; path = RNClipboard.m; sourceTree = "<group>"; };
/* End PBXFileReference section */

/* Begin PBXFrameworksBuildPhase section */
		93D925B21B577A3A0021F250 /* Frameworks */ = {
			isa = PBXFrameworksBuildPhase;
			buildActionMask = 2147483647;
			files = (
			);
			runOnlyForDeploymentPostprocessing = 0;
		};
/* End PBXFrameworksBuildPhase section */

/* Begin PBXGroup section */
		93D925AC1B577A3A0021F250 = {
			isa = PBXGroup;
			children = (
				93D925B71B577A3A0021F250 /* RNClipboard */,
				93D925B61B577A3A0021F250 /* Products */,
			);
			sourceTree = "<group>";
		};
		93D925B61B577A3A0021F250 /* Products */ = {
			isa = PBXGroup;
			children = (
				93D925B51B577A3A0021F250 /* libRNClipboard.a */,
			);
			name = Products;
			sourceTree = "<group>";
		};
		93D925B71B577A3A0021F250 /* RNClipboard */ = {
			isa = PBXGroup;
			children = (
				93D925B81B577A3A0021F250 /* RNClipboard.h */,
				93D925BA1B577A3A0021F250 /* RNClipboard.m */,
			);
			path = RNClipboard;
			sourceTree = "<group>";
		};
/* End PBXGroup section */

/* Begin PBXNativeTarget section */
		93D925B41B577A3A0021F250 /* RNClipboard */ = {
			isa = PBXNativeTarget;
			buildConfigurationList = 93D925C91B577A3A0021F250 /* Build configuration list for PBXNativeTarget "RNClipboard" */;
			buildPhases = (
				93D925B11B577A3A0021F250 /* Sources */,
				93D925B21B577A3A0021F250 /* Frameworks */,
				93D925B31B577A3A0021F250 /* CopyFiles */,
			);
			buildRules = (
			);
			dependencies = (
			);
			name = RNClipboard;
			productName = RNClipboard;
			productReference = 93D925B51B577A3A0021F250 /* libRNClipboard.a */;
			productType = "com.apple.product-type.library.static";
		};
/* End PBXNativeTarget section */

/* Begin PBXProject section */
		93D925AD1B577A3A0021F250 /* Project object */ = {
			isa = PBXProject;
			attributes = {
				LastUpgradeCheck = 0640;
				ORGANIZATIONNAME = qiang.mou;
				TargetAttributes = {
					93D925B41B577A3A0021F250 = {
						CreatedOnToolsVersion = 6.4;
					};
				};
			};
			buildConfigurationList = 93D925B01B577A3A0021F250 /* Build configuration list for PBXProject "RNClipboard" */;
			compatibilityVersion = "Xcode 3.2";
			developmentRegion = English;
			hasScannedForEncodings = 0;
			knownRegions = (
				en,
			);
			mainGroup = 93D925AC1B577A3A0021F250;
			productRefGroup = 93D925B61B577A3A0021F250 /* Products */;
			projectDirPath = "";
			projectRoot = "";
			targets = (
				93D925B41B577A3A0021F250 /* RNClipboard */,
			);
		};
/* End PBXProject section */

/* Begin PBXSourcesBuildPhase section */
		93D925B11B577A3A0021F250 /* Sources */ = {
			isa = PBXSourcesBuildPhase;
			buildActionMask = 2147483647;
			files = (
				93D925BB1B577A3A0021F250 /* RNClipboard.m in Sources */,
			);
			runOnlyForDeploymentPostprocessing = 0;
		};
/* End PBXSourcesBuildPhase section */

/* Begin XCBuildConfiguration section */
		93D925C71B577A3A0021F250 /* Debug */ = {
			isa = XCBuildConfiguration;
			buildSettings = {
				ALWAYS_SEARCH_USER_PATHS = NO;
				CLANG_CXX_LANGUAGE_STANDARD = "gnu++0x";
				CLANG_CXX_LIBRARY = "libc++";
				CLANG_ENABLE_MODULES = YES;
				CLANG_ENABLE_OBJC_ARC = YES;
				CLANG_WARN_BOOL_CONVERSION = YES;
				CLANG_WARN_CONSTANT_CONVERSION = YES;
				CLANG_WARN_DIRECT_OBJC_ISA_USAGE = YES_ERROR;
				CLANG_WARN_EMPTY_BODY = YES;
				CLANG_WARN_ENUM_CONVERSION = YES;
				CLANG_WARN_INT_CONVERSION = YES;
				CLANG_WARN_OBJC_ROOT_CLASS = YES_ERROR;
				CLANG_WARN_UNREACHABLE_CODE = YES;
				CLANG_WARN__DUPLICATE_METHOD_MATCH = YES;
				COPY_PHASE_STRIP = NO;
				DEBUG_INFORMATION_FORMAT = "dwarf-with-dsym";
				ENABLE_STRICT_OBJC_MSGSEND = YES;
				GCC_C_LANGUAGE_STANDARD = gnu99;
				GCC_DYNAMIC_NO_PIC = NO;
				GCC_NO_COMMON_BLOCKS = YES;
				GCC_OPTIMIZATION_LEVEL = 0;
				GCC_PREPROCESSOR_DEFINITIONS = (
					"DEBUG=1",
					"$(inherited)",
				);
				GCC_SYMBOLS_PRIVATE_EXTERN = NO;
				GCC_WARN_64_TO_32_BIT_CONVERSION = YES;
				GCC_WARN_ABOUT_RETURN_TYPE = YES_ERROR;
				GCC_WARN_UNDECLARED_SELECTOR = YES;
				GCC_WARN_UNINITIALIZED_AUTOS = YES_AGGRESSIVE;
				GCC_WARN_UNUSED_FUNCTION = YES;
				GCC_WARN_UNUSED_VARIABLE = YES;
				HEADER_SEARCH_PATHS = (
					"$(inherited)",
					/Applications/Xcode.app/Contents/Developer/Toolchains/XcodeDefault.xctoolchain/usr/include,
					"$(SRCROOT)/../../React/**",
					"$(SRCROOT)/../react-native/React/**",
				);
				IPHONEOS_DEPLOYMENT_TARGET = 8.4;
				MTL_ENABLE_DEBUG_INFO = YES;
				ONLY_ACTIVE_ARCH = YES;
				SDKROOT = iphoneos;
			};
			name = Debug;
		};
		93D925C81B577A3A0021F250 /* Release */ = {
			isa = XCBuildConfiguration;
			buildSettings = {
				ALWAYS_SEARCH_USER_PATHS = NO;
				CLANG_CXX_LANGUAGE_STANDARD = "gnu++0x";
				CLANG_CXX_LIBRARY = "libc++";
				CLANG_ENABLE_MODULES = YES;
				CLANG_ENABLE_OBJC_ARC = YES;
				CLANG_WARN_BOOL_CONVERSION = YES;
				CLANG_WARN_CONSTANT_CONVERSION = YES;
				CLANG_WARN_DIRECT_OBJC_ISA_USAGE = YES_ERROR;
				CLANG_WARN_EMPTY_BODY = YES;
				CLANG_WARN_ENUM_CONVERSION = YES;
				CLANG_WARN_INT_CONVERSION = YES;
				CLANG_WARN_OBJC_ROOT_CLASS = YES_ERROR;
				CLANG_WARN_UNREACHABLE_CODE = YES;
				CLANG_WARN__DUPLICATE_METHOD_MATCH = YES;
				COPY_PHASE_STRIP = NO;
				DEBUG_INFORMATION_FORMAT = "dwarf-with-dsym";
				ENABLE_NS_ASSERTIONS = NO;
				ENABLE_STRICT_OBJC_MSGSEND = YES;
				GCC_C_LANGUAGE_STANDARD = gnu99;
				GCC_NO_COMMON_BLOCKS = YES;
				GCC_WARN_64_TO_32_BIT_CONVERSION = YES;
				GCC_WARN_ABOUT_RETURN_TYPE = YES_ERROR;
				GCC_WARN_UNDECLARED_SELECTOR = YES;
				GCC_WARN_UNINITIALIZED_AUTOS = YES_AGGRESSIVE;
				GCC_WARN_UNUSED_FUNCTION = YES;
				GCC_WARN_UNUSED_VARIABLE = YES;
				HEADER_SEARCH_PATHS = (
					"$(inherited)",
					/Applications/Xcode.app/Contents/Developer/Toolchains/XcodeDefault.xctoolchain/usr/include,
					"$(SRCROOT)/../../React/**",
					"$(SRCROOT)/../react-native/React/**",
				);
				IPHONEOS_DEPLOYMENT_TARGET = 8.4;
				MTL_ENABLE_DEBUG_INFO = NO;
				SDKROOT = iphoneos;
				VALIDATE_PRODUCT = YES;
			};
			name = Release;
		};
		93D925CA1B577A3A0021F250 /* Debug */ = {
			isa = XCBuildConfiguration;
			buildSettings = {
				OTHER_LDFLAGS = "-ObjC";
				PRODUCT_NAME = "$(TARGET_NAME)";
				SKIP_INSTALL = YES;
			};
			name = Debug;
		};
		93D925CB1B577A3A0021F250 /* Release */ = {
			isa = XCBuildConfiguration;
			buildSettings = {
				OTHER_LDFLAGS = "-ObjC";
				PRODUCT_NAME = "$(TARGET_NAME)";
				SKIP_INSTALL = YES;
			};
			name = Release;
		};
/* End XCBuildConfiguration section */

/* Begin XCConfigurationList section */
		93D925B01B577A3A0021F250 /* Build configuration list for PBXProject "RNClipboard" */ = {
			isa = XCConfigurationList;
			buildConfigurations = (
				93D925C71B577A3A0021F250 /* Debug */,
				93D925C81B577A3A0021F250 /* Release */,
			);
			defaultConfigurationIsVisible = 0;
			defaultConfigurationName = Release;
		};
		93D925C91B577A3A0021F250 /* Build configuration list for PBXNativeTarget "RNClipboard" */ = {
			isa = XCConfigurationList;
			buildConfigurations = (
				93D925CA1B577A3A0021F250 /* Debug */,
				93D925CB1B577A3A0021F250 /* Release */,
			);
			defaultConfigurationIsVisible = 0;
			defaultConfigurationName = Release;
		};
/* End XCConfigurationList section */
	};
	rootObject = 93D925AD1B577A3A0021F250 /* Project object */;
}
